# This file is generated by running "yarn install" inside your project.
# Manual changes might be lost - proceed with caution!

__metadata:
  version: 4
  cacheKey: 7

"@types/node@npm:^18":
  version: 18.16.16
  resolution: "@types/node@npm:18.16.16"
  checksum: 542a83a9883af18d13ec13483558b709a20da9df3f159defc56d8520c7385b2e71e19d5d6b82c45feefadae3f33e978715cc4c7f0e720899cae6141213fbc9db
  languageName: node
  linkType: hard

"root-workspace-0b6124@workspace:.":
  version: 0.0.0-use.local
  resolution: "root-workspace-0b6124@workspace:."
  dependencies:
    "@types/node": ^18
    typescript: 4.4.4
  languageName: unknown
  linkType: soft

typescript@4.4.4:
  version: 4.4.4
  resolution: "typescript@npm:4.4.4"
  bin:
    tsc: bin/tsc
    tsserver: bin/tsserver
  checksum: 8c5455b860a69f05d4730f54bcd0c380dae34bb1ae1b0d6ac5f16fb9d3c445834dff563eccc8c970cd15e7c9d2aa8183851a0d35d62bac1e24260bf805c23af4
  languageName: node
  linkType: hard

"typescript@patch:typescript@4.4.4#builtin<compat/typescript>":
  version: 4.4.4
  resolution: "typescript@patch:typescript@npm%3A4.4.4#builtin<compat/typescript>::version=4.4.4&hash=8133ad"
  bin:
    tsc: bin/tsc
    tsserver: bin/tsserver
  checksum: d1c6c0a705893112dc19979fa58dd96b1b9395bf4cb9b013bdfe4badb31320c39187f2ff6088568e6742b66624c1bcf49c8d7ef1f443fbd64d4225752c09f065
  languageName: node
  linkType: hard
